#MicroXplorer Configuration settings - do not modify
Mcu.Family=STM32F1
NVIC.USART3_IRQn=true\:5\:0\:false\:false\:true\:true\:true\:true
ProjectManager.MainLocation=Src
RCC.MCOFreq_Value=8000000
PCC.Series=STM32F1
NVIC.DMA1_Channel5_IRQn=true\:5\:0\:false\:false\:true\:true\:false\:true
ProjectManager.KeepUserCode=true
Mcu.UserName=STM32F103C8Tx
Dma.USART3_TX.3.PeriphDataAlignment=DMA_PDATAALIGN_BYTE
PB10.Mode=Asynchronous
PCC.Seq0.Step0.CPU_Frequency=72 MHz
USART1.BaudRate=115200
PCC.Seq0.Step0.User's_Consumption=0 mA
Dma.USART3_TX.3.MemInc=DMA_MINC_ENABLE
RCC.PLLCLKFreq_Value=16000000
PC13-TAMPER-RTC.GPIOParameters=GPIO_Label
USART1.WordLength=WORDLENGTH_8B
ProjectManager.functionlistsort=1-MX_GPIO_Init-GPIO-false-HAL-true,2-MX_DMA_Init-DMA-false-HAL-true,3-SystemClock_Config-RCC-false-HAL-true,4-MX_RTC_Init-RTC-false-HAL-true,5-MX_USART1_UART_Init-USART1-false-HAL-true,6-MX_USART3_UART_Init-USART3-false-HAL-true,7-MX_CRC_Init-CRC-false-HAL-true
VP_RTC_VS_RTC_Activate.Mode=RTC_Enabled
RCC.RTCFreq_Value=32768
PA3.GPIOParameters=GPIO_Label
RCC.ADCFreqValue=4000000
PA6.GPIO_Label=Pump_2
FREERTOS.configTICK_RATE_HZ=1000
NVIC.TIM1_UP_IRQn=true\:0\:0\:false\:false\:true\:false\:false\:true
VP_RTC_VS_RTC_Calendar.Signal=RTC_VS_RTC_Calendar
USART1.IPParameters=VirtualMode,WordLength,Parity,BaudRate
Dma.USART3_TX.3.MemDataAlignment=DMA_MDATAALIGN_BYTE
PB11.Signal=USART3_RX
PA2.GPIOParameters=GPIO_Label
PinOutPanel.RotationAngle=0
ProjectManager.StackSize=0x400
PD1-OSC_OUT.Signal=RCC_OSC_OUT
NVIC.DMA1_Channel3_IRQn=true\:5\:0\:false\:false\:true\:true\:false\:true
Mcu.IP4=RCC
RCC.FCLKCortexFreq_Value=8000000
Mcu.IP5=RTC
Mcu.IP2=FREERTOS
NVIC.SVCall_IRQn=true\:0\:0\:false\:false\:false\:false\:false\:false
VP_RTC_No_RTC_Output.Mode=RTC_OUT_NO
Dma.USART3_RX.2.Priority=DMA_PRIORITY_LOW
Mcu.IP3=NVIC
Mcu.IP0=CRC
Mcu.IP1=DMA
Dma.USART1_TX.0.Priority=DMA_PRIORITY_LOW
USART3.BaudRate=115200
PCC.PartNumber=STM32F103C8Tx
Mcu.UserConstants=
Dma.USART1_TX.0.Direction=DMA_MEMORY_TO_PERIPH
Mcu.ThirdPartyNb=0
Dma.USART3_RX.2.PeriphInc=DMA_PINC_DISABLE
RCC.HCLKFreq_Value=8000000
Mcu.IPNb=9
ProjectManager.PreviousToolchain=SW4STM32
RCC.APB2TimFreq_Value=8000000
VP_RTC_No_RTC_Output.Signal=RTC_No_RTC_Output
RTC.IPParameters=Year,Date,Month
Mcu.Pin6=PA1
Mcu.Pin7=PA2
Mcu.Pin8=PA3
Mcu.Pin9=PA4
Dma.USART1_RX.1.MemInc=DMA_MINC_ENABLE
FREERTOS.IPParameters=Tasks01,FootprintOK,configTICK_RATE_HZ,MEMORY_ALLOCATION,HEAP_NUMBER
RCC.AHBFreq_Value=8000000
Mcu.Pin0=PC13-TAMPER-RTC
Mcu.Pin1=PC14-OSC32_IN
GPIO.groupedBy=Group By Peripherals
Mcu.Pin2=PC15-OSC32_OUT
Mcu.Pin3=PD0-OSC_IN
Mcu.Pin4=PD1-OSC_OUT
PA0-WKUP.GPIOParameters=GPIO_Label
Mcu.Pin5=PA0-WKUP
ProjectManager.ProjectBuild=false
Dma.USART1_RX.1.PeriphDataAlignment=DMA_PDATAALIGN_BYTE
NVIC.UsageFault_IRQn=true\:0\:0\:false\:false\:true\:false\:false\:false
NVIC.DebugMonitor_IRQn=true\:0\:0\:false\:false\:true\:false\:false\:false
PA4.Locked=true
PCC.Seq0.Step0.Voltage_Source=Vbus
PCC.Seq0.Step0.DMIPS=61.0
NVIC.SysTick_IRQn=true\:15\:0\:false\:false\:false\:true\:false\:true
RCC.RTCClockSelection=RCC_RTCCLKSOURCE_LSE
ProjectManager.FirmwarePackage=STM32Cube FW_F1 V1.7.0
MxDb.Version=DB.5.0.20
RTC.Month=RTC_MONTH_AUGUST
PA1.GPIOParameters=GPIO_Label
Dma.USART3_TX.3.Direction=DMA_MEMORY_TO_PERIPH
ProjectManager.BackupPrevious=false
PC14-OSC32_IN.Mode=LSE-External-Oscillator
PA14.Mode=Serial_Wire
VP_SYS_VS_tim1.Mode=TIM1
FREERTOS.HEAP_NUMBER=4
File.Version=6
NVIC.PendSV_IRQn=true\:15\:0\:false\:false\:false\:true\:false\:false
VP_FREERTOS_VS_CMSIS_V1.Mode=CMSIS_V1
Dma.USART1_TX.0.PeriphDataAlignment=DMA_PDATAALIGN_BYTE
Dma.RequestsNb=4
ProjectManager.HalAssertFull=true
ProjectManager.ProjectName=Heizungssteuerung
Dma.USART1_RX.1.Mode=DMA_CIRCULAR
RCC.PLLMCOFreq_Value=8000000
PCC.Seq0.Step0.Oscillator=HSE PLL
Mcu.Package=LQFP48
PA6.Signal=GPIO_Output
PA5.Locked=true
NVIC.TimeBase=TIM1_UP_IRQn
ProjectManager.ToolChainLocation=
PA2.GPIO_Label=LED_03
NVIC.TimeBaseIP=TIM1
USART3.IPParameters=VirtualMode,BaudRate
PA10.Signal=USART1_RX
VP_RTC_VS_RTC_Calendar.Mode=RTC_Calendar
FREERTOS.FootprintOK=true
Dma.USART1_TX.0.Instance=DMA1_Channel4
PCC.Checker=false
PA5.GPIOParameters=GPIO_Label
Dma.USART1_RX.1.PeriphInc=DMA_PINC_DISABLE
PCC.Seq0.Step0.Duration=1 ms
Dma.Request2=USART3_RX
Dma.Request1=USART1_RX
RCC.APB1TimFreq_Value=8000000
Dma.Request3=USART3_TX
NVIC.BusFault_IRQn=true\:0\:0\:false\:false\:true\:false\:false\:false
PCC.Seq0.Step0.Peripherals=GPIOA GPIOB GPIOC GPIOD RTC USART1 USART2 USART3
Dma.USART1_RX.1.Priority=DMA_PRIORITY_LOW
NVIC.DMA1_Channel4_IRQn=true\:5\:0\:false\:false\:true\:true\:false\:true
NVIC.USART1_IRQn=true\:5\:0\:false\:false\:true\:true\:true\:true
Dma.Request0=USART1_TX
PA4.GPIO_Label=DayNight
ProjectManager.CustomerFirmwarePackage=
PA3.Signal=GPIO_Output
PA2.Locked=true
VP_RTC_VS_RTC_Activate.Signal=RTC_VS_RTC_Activate
PA6.GPIOParameters=GPIO_Label
RCC.PLLSourceVirtual=RCC_PLLSOURCE_HSE
PCC.Seq0.Step0.Category=In DS Table
PC15-OSC32_OUT.Mode=LSE-External-Oscillator
Dma.USART1_RX.1.Instance=DMA1_Channel5
ProjectManager.ProjectFileName=Heizungssteuerung.ioc
Dma.USART1_RX.1.MemDataAlignment=DMA_MDATAALIGN_BYTE
FREERTOS.Tasks01=controlTsk,0,128,StartControlTsk,As weak,NULL,Static,controlTskBuffer,controlTskControlBlock;displayTsk,0,128,StartDisplayTsk,As external,NULL,Static,displayTskBuffer,displayTskControlBlock
Dma.USART1_TX.0.MemInc=DMA_MINC_ENABLE
PD1-OSC_OUT.Mode=HSE-External-Oscillator
Dma.USART1_TX.0.PeriphInc=DMA_PINC_DISABLE
PA10.Mode=Asynchronous
Mcu.PinsNb=24
PCC.Seq0.Step0.Average_Current=31.51 mA
PCC.Vdd=3.3
Dma.USART3_RX.2.Mode=DMA_CIRCULAR
ProjectManager.NoMain=false
PC13-TAMPER-RTC.Signal=GPIO_Output
ProjectManager.DefaultFWLocation=true
PD0-OSC_IN.Signal=RCC_OSC_IN
ProjectManager.DeletePrevious=true
PCC.Line=STM32F103
RCC.APB1CLKDivider=RCC_HCLK_DIV2
PC14-OSC32_IN.Signal=RCC_OSC32_IN
Dma.USART3_TX.3.PeriphInc=DMA_PINC_DISABLE
RCC.FamilyName=M
PA0-WKUP.GPIO_Label=LED_01
PA0-WKUP.Signal=GPIO_Output
PA0-WKUP.Locked=true
PA13.Signal=SYS_JTMS-SWDIO
VP_FREERTOS_VS_CMSIS_V1.Signal=FREERTOS_VS_CMSIS_V1
PCC.Seq0.Step0.TaMax=99.28
PCC.MCU=STM32F103C(8-B)Tx
PA9.Mode=Asynchronous
Dma.USART3_RX.2.PeriphDataAlignment=DMA_PDATAALIGN_BYTE
Dma.USART3_RX.2.MemInc=DMA_MINC_ENABLE
PB11.Mode=Asynchronous
NVIC.DMA1_Channel2_IRQn=true\:5\:0\:false\:false\:true\:true\:false\:true
ProjectManager.TargetToolchain=SW4STM32
Dma.USART1_RX.1.RequestParameters=Instance,Direction,PeriphInc,MemInc,PeriphDataAlignment,MemDataAlignment,Mode,Priority
RTC.Year=18
VP_CRC_VS_CRC.Signal=CRC_VS_CRC
PCC.Seq0.Step0.Mode=RUN
PA9.Signal=USART1_TX
USART1.Parity=PARITY_NONE
Dma.USART3_TX.3.RequestParameters=Instance,Direction,PeriphInc,MemInc,PeriphDataAlignment,MemDataAlignment,Mode,Priority
Dma.USART1_TX.0.RequestParameters=Instance,Direction,PeriphInc,MemInc,PeriphDataAlignment,MemDataAlignment,Mode,Priority
PC13-TAMPER-RTC.Locked=true
RCC.USBFreq_Value=16000000
Dma.USART3_RX.2.Direction=DMA_PERIPH_TO_MEMORY
PC15-OSC32_OUT.Signal=RCC_OSC32_OUT
PA1.Signal=GPIO_Output
PD0-OSC_IN.Mode=HSE-External-Oscillator
PB10.Signal=USART3_TX
PA5.Signal=GPIO_Output
FREERTOS.MEMORY_ALLOCATION=2
Dma.USART3_TX.3.Instance=DMA1_Channel2
Dma.USART1_TX.0.Mode=DMA_NORMAL
board=cube
PCC.Temperature=25
ProjectManager.LastFirmware=true
PC13-TAMPER-RTC.GPIO_Label=LED
RCC.VCOOutput2Freq_Value=8000000
RCC.APB2Freq_Value=8000000
PCC.Seq0.Step0.Frequency=8 MHz
PCC.Seq0.Step0.Vcore=No Scale
MxCube.Version=5.2.0
VP_SYS_VS_tim1.Signal=SYS_VS_tim1
PA1.GPIO_Label=LED_02
NVIC.NonMaskableInt_IRQn=true\:0\:0\:false\:false\:true\:false\:false\:false
PA4.GPIOParameters=GPIO_Label
Dma.USART3_RX.2.RequestParameters=Instance,Direction,PeriphInc,MemInc,PeriphDataAlignment,MemDataAlignment,Mode,Priority
PA13.Mode=Serial_Wire
ProjectManager.FreePins=false
RCC.IPParameters=ADCFreqValue,AHBFreq_Value,APB1CLKDivider,APB1Freq_Value,APB1TimFreq_Value,APB2Freq_Value,APB2TimFreq_Value,FCLKCortexFreq_Value,FamilyName,HCLKFreq_Value,MCOFreq_Value,PLLCLKFreq_Value,PLLMCOFreq_Value,PLLSourceVirtual,RTCClockSelection,RTCFreq_Value,SYSCLKFreq_VALUE,TimSysFreq_Value,USBFreq_Value,VCOOutput2Freq_Value
ProjectManager.AskForMigrate=true
Mcu.Name=STM32F103C(8-B)Tx
PA2.Signal=GPIO_Output
ProjectManager.UnderRoot=true
Mcu.IP8=USART3
Dma.USART3_TX.3.Mode=DMA_NORMAL
Mcu.IP6=SYS
Mcu.IP7=USART1
ProjectManager.CoupleFile=false
PCC.Seq0.Step0.Memory=FLASH
PA4.Signal=GPIO_Input
RCC.SYSCLKFreq_VALUE=8000000
Mcu.Pin22=VP_RTC_No_RTC_Output
Mcu.Pin23=VP_SYS_VS_tim1
RCC.TimSysFreq_Value=8000000
PA1.Locked=true
Mcu.Pin20=VP_RTC_VS_RTC_Activate
Mcu.Pin21=VP_RTC_VS_RTC_Calendar
PA3.Locked=true
PA5.GPIO_Label=Pump_1
NVIC.ForceEnableDMAVector=true
KeepUserPlacement=false
USART3.VirtualMode=VM_ASYNC
NVIC.MemoryManagement_IRQn=true\:0\:0\:false\:false\:true\:false\:false\:false
USART1.VirtualMode=VM_ASYNC
ProjectManager.CompilerOptimize=6
Dma.USART1_TX.0.MemDataAlignment=DMA_MDATAALIGN_BYTE
PA14.Signal=SYS_JTCK-SWCLK
ProjectManager.HeapSize=0x200
Mcu.Pin15=PA10
NVIC.HardFault_IRQn=true\:0\:0\:false\:false\:true\:false\:false\:false
Mcu.Pin16=PA13
Mcu.Pin13=PB11
Mcu.Pin14=PA9
Mcu.Pin19=VP_FREERTOS_VS_CMSIS_V1
ProjectManager.ComputerToolchain=false
Mcu.Pin17=PA14
Mcu.Pin18=VP_CRC_VS_CRC
Dma.USART3_RX.2.MemDataAlignment=DMA_MDATAALIGN_BYTE
NVIC.PriorityGroup=NVIC_PRIORITYGROUP_4
Mcu.Pin11=PA6
Mcu.Pin12=PB10
Mcu.Pin10=PA5
Dma.USART1_RX.1.Direction=DMA_PERIPH_TO_MEMORY
PCC.Seq0.Step0.Vdd=3.3
Dma.USART3_RX.2.Instance=DMA1_Channel3
PCC.Seq0=1
RCC.APB1Freq_Value=4000000
VP_CRC_VS_CRC.Mode=CRC_Activate
RTC.Date=7
ProjectManager.DeviceId=STM32F103C8Tx
ProjectManager.LibraryCopy=1
PA3.GPIO_Label=LED_04
Dma.USART3_TX.3.Priority=DMA_PRIORITY_LOW
PA6.Locked=true
